
Microsoft Visual Studio Solution File, Format Version 12.00
# Visual Studio Version 16
VisualStudioVersion = 16.0.30907.101
MinimumVisualStudioVersion = 10.0.40219.1
Project("{FAE04EC0-301F-11D3-BF4B-00C04F79EFBC}") = "TrafficLogger", "TrafficLogger\TrafficLogger.csproj", "{BEF3D2B7-B76B-4ACE-8E8B-4C9FA6823931}"
EndProject
Global
	GlobalSection(SolutionConfigurationPlatforms) = preSolution
		Debug|Any CPU = Debug|Any CPU
		Release|Any CPU = Release|Any CPU
	EndGlobalSection
	GlobalSection(ProjectConfigurationPlatforms) = postSolution
		{BEF3D2B7-B76B-4ACE-8E8B-4C9FA6823931}.Debug|Any CPU.ActiveCfg = Debug|Any CPU
		{BEF3D2B7-B76B-4ACE-8E8B-4C9FA6823931}.Debug|Any CPU.Build.0 = Debug|Any CPU
		{BEF3D2B7-B76B-4ACE-8E8B-4C9FA6823931}.Release|Any CPU.ActiveCfg = Release|Any CPU
		{BEF3D2B7-B76B-4ACE-8E8B-4C9FA6823931}.Release|Any CPU.Build.0 = Release|Any CPU
	EndGlobalSection
	GlobalSection(SolutionProperties) = preSolution
		HideSolutionNode = FALSE
	EndGlobalSection
	GlobalSection(ExtensibilityGlobals) = postSolution
		SolutionGuid = {D37707D1-925E-4DD6-830E-B2E3EF0E1581}
	EndGlobalSection
EndGlobal
